
Microsoft Visual Studio Solution File, Format Version 12.00
# Visual Studio Version 17
VisualStudioVersion = 17.12.35527.113
MinimumVisualStudioVersion = 10.0.40219.1
Project("{FAE04EC0-301F-11D3-BF4B-00C04F79EFBC}") = "SystemPulse", "SystemPulse\SystemPulse.csproj", "{ADF71AD6-F776-46CE-ACA9-8849B67EA1F9}"
EndProject
Project("{FAE04EC0-301F-11D3-BF4B-00C04F79EFBC}") = "SystemPulse.Desktop", "SystemPulse.Desktop\SystemPulse.Desktop.csproj", "{4DFA8EC7-750D-4EF5-BF9B-C246859570AA}"
EndProject
Project("{2150E333-8FDC-42A3-9474-1A3956D46DE8}") = "Solution Items", "Solution Items", "{7DD69896-7124-4C32-926E-5F252A9449BA}"
	ProjectSection(SolutionItems) = preProject
		.editorconfig = .editorconfig
	EndProjectSection
EndProject
Global
	GlobalSection(SolutionConfigurationPlatforms) = preSolution
		Debug|Any CPU = Debug|Any CPU
		Release|Any CPU = Release|Any CPU
	EndGlobalSection
	GlobalSection(ProjectConfigurationPlatforms) = postSolution
		{ADF71AD6-F776-46CE-ACA9-8849B67EA1F9}.Debug|Any CPU.ActiveCfg = Debug|Any CPU
		{ADF71AD6-F776-46CE-ACA9-8849B67EA1F9}.Debug|Any CPU.Build.0 = Debug|Any CPU
		{ADF71AD6-F776-46CE-ACA9-8849B67EA1F9}.Release|Any CPU.ActiveCfg = Release|Any CPU
		{ADF71AD6-F776-46CE-ACA9-8849B67EA1F9}.Release|Any CPU.Build.0 = Release|Any CPU
		{4DFA8EC7-750D-4EF5-BF9B-C246859570AA}.Debug|Any CPU.ActiveCfg = Debug|Any CPU
		{4DFA8EC7-750D-4EF5-BF9B-C246859570AA}.Debug|Any CPU.Build.0 = Debug|Any CPU
		{4DFA8EC7-750D-4EF5-BF9B-C246859570AA}.Release|Any CPU.ActiveCfg = Release|Any CPU
		{4DFA8EC7-750D-4EF5-BF9B-C246859570AA}.Release|Any CPU.Build.0 = Release|Any CPU
	EndGlobalSection
	GlobalSection(SolutionProperties) = preSolution
		HideSolutionNode = FALSE
	EndGlobalSection
EndGlobal
